
Microsoft Visual Studio Solution File, Format Version 10.00
# Visual Studio 2008
Project("{8BC9CEB8-8B4A-11D0-8D11-00A0C91BC942}") = "fsproxy", "fsproxy.vcproj", "{E111DA9B-1DD5-4418-9A52-8DD6FEBA4E45}"
EndProject
Global
	GlobalSection(SolutionConfigurationPlatforms) = preSolution
		Debug|Win32 = Debug|Win32
		Release|Win32 = Release|Win32
	EndGlobalSection
	GlobalSection(ProjectConfigurationPlatforms) = postSolution
		{E111DA9B-1DD5-4418-9A52-8DD6FEBA4E45}.Debug|Win32.ActiveCfg = Debug|Win32
		{E111DA9B-1DD5-4418-9A52-8DD6FEBA4E45}.Debug|Win32.Build.0 = Debug|Win32
		{E111DA9B-1DD5-4418-9A52-8DD6FEBA4E45}.Release|Win32.ActiveCfg = Release|Win32
		{E111DA9B-1DD5-4418-9A52-8DD6FEBA4E45}.Release|Win32.Build.0 = Release|Win32
	EndGlobalSection
	GlobalSection(SolutionProperties) = preSolution
		HideSolutionNode = FALSE
	EndGlobalSection
EndGlobal
